Microsoft Visual Studio Solution File, Format Version 12.00
# Visual Studio 14
VisualStudioVersion = 14.0.24720.0
MinimumVisualStudioVersion = 10.0.40219.1
Project("{8BC9CEB8-8B4A-11D0-8D11-00A0C91BC942}") = "Xregion", "common\Xregion\Xregion.vcxproj", "{DF9DC826-F372-497D-B4A9-E2BD6CF07ECC}"
EndProject
Project("{8BC9CEB8-8B4A-11D0-8D11-00A0C91BC942}") = "conv", "tests\conv.vcxproj", "{FD38374A-1067-46CB-807F-9BBE3EFA9155}"
	ProjectSection(ProjectDependencies) = postProject
		{DF9DC826-F372-497D-B4A9-E2BD6CF07ECC} = {DF9DC826-F372-497D-B4A9-E2BD6CF07ECC}
		{A086590B-6B19-45D6-99F6-F37A6AAA65E6} = {A086590B-6B19-45D6-99F6-F37A6AAA65E6}
		{4FE6617D-8A4A-462E-B855-1C8D66BD556A} = {4FE6617D-8A4A-462E-B855-1C8D66BD556A}
		{B97BFA58-96ED-414F-A193-86ED631FD20E} = {B97BFA58-96ED-414F-A193-86ED631FD20E}
	EndProjectSection
EndProject
Project("{8BC9CEB8-8B4A-11D0-8D11-00A0C91BC942}") = "convperf", "tests\convperf.vcxproj", "{ACDFD2BE-A421-43E7-865A-A38D546C6194}"
	ProjectSection(ProjectDependencies) = postProject
		{DF9DC826-F372-497D-B4A9-E2BD6CF07ECC} = {DF9DC826-F372-497D-B4A9-E2BD6CF07ECC}
		{A086590B-6B19-45D6-99F6-F37A6AAA65E6} = {A086590B-6B19-45D6-99F6-F37A6AAA65E6}
		{4FE6617D-8A4A-462E-B855-1C8D66BD556A} = {4FE6617D-8A4A-462E-B855-1C8D66BD556A}
		{B97BFA58-96ED-414F-A193-86ED631FD20E} = {B97BFA58-96ED-414F-A193-86ED631FD20E}
		{CF6D4428-E743-49A1-823D-8C15EE5B603D} = {CF6D4428-E743-49A1-823D-8C15EE5B603D}
	EndProjectSection
EndProject
Project("{8BC9CEB8-8B4A-11D0-8D11-00A0C91BC942}") = "decperf", "tests\decperf.vcxproj", "{94B90359-4188-445E-87B1-7863C7DD4FB6}"
	ProjectSection(ProjectDependencies) = postProject
		{DF9DC826-F372-497D-B4A9-E2BD6CF07ECC} = {DF9DC826-F372-497D-B4A9-E2BD6CF07ECC}
		{A086590B-6B19-45D6-99F6-F37A6AAA65E6} = {A086590B-6B19-45D6-99F6-F37A6AAA65E6}
		{4FE6617D-8A4A-462E-B855-1C8D66BD556A} = {4FE6617D-8A4A-462E-B855-1C8D66BD556A}
		{B97BFA58-96ED-414F-A193-86ED631FD20E} = {B97BFA58-96ED-414F-A193-86ED631FD20E}
		{CF6D4428-E743-49A1-823D-8C15EE5B603D} = {CF6D4428-E743-49A1-823D-8C15EE5B603D}
	EndProjectSection
EndProject
Project("{8BC9CEB8-8B4A-11D0-8D11-00A0C91BC942}") = "encperf", "tests\encperf.vcxproj", "{9560E6C6-1147-4A28-9105-12EC82C0C29D}"
	ProjectSection(ProjectDependencies) = postProject
		{DF9DC826-F372-497D-B4A9-E2BD6CF07ECC} = {DF9DC826-F372-497D-B4A9-E2BD6CF07ECC}
		{A086590B-6B19-45D6-99F6-F37A6AAA65E6} = {A086590B-6B19-45D6-99F6-F37A6AAA65E6}
		{4FE6617D-8A4A-462E-B855-1C8D66BD556A} = {4FE6617D-8A4A-462E-B855-1C8D66BD556A}
		{B97BFA58-96ED-414F-A193-86ED631FD20E} = {B97BFA58-96ED-414F-A193-86ED631FD20E}
		{CF6D4428-E743-49A1-823D-8C15EE5B603D} = {CF6D4428-E743-49A1-823D-8C15EE5B603D}
	EndProjectSection
EndProject
Project("{8BC9CEB8-8B4A-11D0-8D11-00A0C91BC942}") = "network", "common\network\network.vcxproj", "{8700DBDB-181E-4315-BD6C-5D886636E042}"
EndProject
Project("{8BC9CEB8-8B4A-11D0-8D11-00A0C91BC942}") = "os", "common\os\os.vcxproj", "{A086590B-6B19-45D6-99F6-F37A6AAA65E6}"
EndProject
Project("{8BC9CEB8-8B4A-11D0-8D11-00A0C91BC942}") = "rdr", "common\rdr\rdr.vcxproj", "{4FE6617D-8A4A-462E-B855-1C8D66BD556A}"
	ProjectSection(ProjectDependencies) = postProject
		{A086590B-6B19-45D6-99F6-F37A6AAA65E6} = {A086590B-6B19-45D6-99F6-F37A6AAA65E6}
	EndProjectSection
EndProject
Project("{8BC9CEB8-8B4A-11D0-8D11-00A0C91BC942}") = "rfb", "common\rfb\rfb.vcxproj", "{B97BFA58-96ED-414F-A193-86ED631FD20E}"
	ProjectSection(ProjectDependencies) = postProject
		{DF9DC826-F372-497D-B4A9-E2BD6CF07ECC} = {DF9DC826-F372-497D-B4A9-E2BD6CF07ECC}
		{A086590B-6B19-45D6-99F6-F37A6AAA65E6} = {A086590B-6B19-45D6-99F6-F37A6AAA65E6}
		{4FE6617D-8A4A-462E-B855-1C8D66BD556A} = {4FE6617D-8A4A-462E-B855-1C8D66BD556A}
	EndProjectSection
EndProject
Project("{8BC9CEB8-8B4A-11D0-8D11-00A0C91BC942}") = "rfb_win32", "win\rfb_win32\rfb_win32.vcxproj", "{E60E40D3-6A09-4C15-A799-2D4537BBB813}"
EndProject
Project("{8BC9CEB8-8B4A-11D0-8D11-00A0C91BC942}") = "test_util", "tests\test_util.vcxproj", "{CF6D4428-E743-49A1-823D-8C15EE5B603D}"
EndProject
Project("{8BC9CEB8-8B4A-11D0-8D11-00A0C91BC942}") = "vncconfig", "win\vncconfig\vncconfig.vcxproj", "{057D6536-147E-4143-9621-F3E56EF15FD7}"
	ProjectSection(ProjectDependencies) = postProject
		{DF9DC826-F372-497D-B4A9-E2BD6CF07ECC} = {DF9DC826-F372-497D-B4A9-E2BD6CF07ECC}
		{8700DBDB-181E-4315-BD6C-5D886636E042} = {8700DBDB-181E-4315-BD6C-5D886636E042}
		{A086590B-6B19-45D6-99F6-F37A6AAA65E6} = {A086590B-6B19-45D6-99F6-F37A6AAA65E6}
		{4FE6617D-8A4A-462E-B855-1C8D66BD556A} = {4FE6617D-8A4A-462E-B855-1C8D66BD556A}
		{B97BFA58-96ED-414F-A193-86ED631FD20E} = {B97BFA58-96ED-414F-A193-86ED631FD20E}
		{E60E40D3-6A09-4C15-A799-2D4537BBB813} = {E60E40D3-6A09-4C15-A799-2D4537BBB813}
	EndProjectSection
EndProject
Project("{8BC9CEB8-8B4A-11D0-8D11-00A0C91BC942}") = "vncviewer", "vncviewer\vncviewer.vcxproj", "{3D39CCB6-1CE9-491C-9F27-E6C20B6DEB1A}"
	ProjectSection(ProjectDependencies) = postProject
		{DF9DC826-F372-497D-B4A9-E2BD6CF07ECC} = {DF9DC826-F372-497D-B4A9-E2BD6CF07ECC}
		{8700DBDB-181E-4315-BD6C-5D886636E042} = {8700DBDB-181E-4315-BD6C-5D886636E042}
		{A086590B-6B19-45D6-99F6-F37A6AAA65E6} = {A086590B-6B19-45D6-99F6-F37A6AAA65E6}
		{4FE6617D-8A4A-462E-B855-1C8D66BD556A} = {4FE6617D-8A4A-462E-B855-1C8D66BD556A}
		{B97BFA58-96ED-414F-A193-86ED631FD20E} = {B97BFA58-96ED-414F-A193-86ED631FD20E}
	EndProjectSection
EndProject
Project("{8BC9CEB8-8B4A-11D0-8D11-00A0C91BC942}") = "winvnc4", "win\winvnc\winvnc4.vcxproj", "{0FAF1A58-7788-4C30-BAE5-B38E2DEA8436}"
	ProjectSection(ProjectDependencies) = postProject
		{DF9DC826-F372-497D-B4A9-E2BD6CF07ECC} = {DF9DC826-F372-497D-B4A9-E2BD6CF07ECC}
		{8700DBDB-181E-4315-BD6C-5D886636E042} = {8700DBDB-181E-4315-BD6C-5D886636E042}
		{A086590B-6B19-45D6-99F6-F37A6AAA65E6} = {A086590B-6B19-45D6-99F6-F37A6AAA65E6}
		{4FE6617D-8A4A-462E-B855-1C8D66BD556A} = {4FE6617D-8A4A-462E-B855-1C8D66BD556A}
		{B97BFA58-96ED-414F-A193-86ED631FD20E} = {B97BFA58-96ED-414F-A193-86ED631FD20E}
		{E60E40D3-6A09-4C15-A799-2D4537BBB813} = {E60E40D3-6A09-4C15-A799-2D4537BBB813}
	EndProjectSection
EndProject
Project("{8BC9CEB8-8B4A-11D0-8D11-00A0C91BC942}") = "wm_hooks", "win\wm_hooks\wm_hooks.vcxproj", "{FC597942-19DF-4D69-8751-C2D33444FC1D}"
EndProject
Global
	GlobalSection(SolutionConfigurationPlatforms) = preSolution
		Debug|Win32 = Debug|Win32
		Release|Win32 = Release|Win32
	EndGlobalSection
	GlobalSection(ProjectConfigurationPlatforms) = postSolution
		{DF9DC826-F372-497D-B4A9-E2BD6CF07ECC}.Debug|Win32.ActiveCfg = Debug|Win32
		{DF9DC826-F372-497D-B4A9-E2BD6CF07ECC}.Debug|Win32.Build.0 = Debug|Win32
		{DF9DC826-F372-497D-B4A9-E2BD6CF07ECC}.Release|Win32.ActiveCfg = Release|Win32
		{DF9DC826-F372-497D-B4A9-E2BD6CF07ECC}.Release|Win32.Build.0 = Release|Win32
		{FD38374A-1067-46CB-807F-9BBE3EFA9155}.Debug|Win32.ActiveCfg = Debug|Win32
		{FD38374A-1067-46CB-807F-9BBE3EFA9155}.Debug|Win32.Build.0 = Debug|Win32
		{FD38374A-1067-46CB-807F-9BBE3EFA9155}.Release|Win32.ActiveCfg = Release|Win32
		{FD38374A-1067-46CB-807F-9BBE3EFA9155}.Release|Win32.Build.0 = Release|Win32
		{ACDFD2BE-A421-43E7-865A-A38D546C6194}.Debug|Win32.ActiveCfg = Debug|Win32
		{ACDFD2BE-A421-43E7-865A-A38D546C6194}.Debug|Win32.Build.0 = Debug|Win32
		{ACDFD2BE-A421-43E7-865A-A38D546C6194}.Release|Win32.ActiveCfg = Release|Win32
		{ACDFD2BE-A421-43E7-865A-A38D546C6194}.Release|Win32.Build.0 = Release|Win32
		{94B90359-4188-445E-87B1-7863C7DD4FB6}.Debug|Win32.ActiveCfg = Debug|Win32
		{94B90359-4188-445E-87B1-7863C7DD4FB6}.Debug|Win32.Build.0 = Debug|Win32
		{94B90359-4188-445E-87B1-7863C7DD4FB6}.Release|Win32.ActiveCfg = Release|Win32
		{94B90359-4188-445E-87B1-7863C7DD4FB6}.Release|Win32.Build.0 = Release|Win32
		{9560E6C6-1147-4A28-9105-12EC82C0C29D}.Debug|Win32.ActiveCfg = Debug|Win32
		{9560E6C6-1147-4A28-9105-12EC82C0C29D}.Debug|Win32.Build.0 = Debug|Win32
		{9560E6C6-1147-4A28-9105-12EC82C0C29D}.Release|Win32.ActiveCfg = Release|Win32
		{9560E6C6-1147-4A28-9105-12EC82C0C29D}.Release|Win32.Build.0 = Release|Win32
		{8700DBDB-181E-4315-BD6C-5D886636E042}.Debug|Win32.ActiveCfg = Debug|Win32
		{8700DBDB-181E-4315-BD6C-5D886636E042}.Debug|Win32.Build.0 = Debug|Win32
		{8700DBDB-181E-4315-BD6C-5D886636E042}.Release|Win32.ActiveCfg = Release|Win32
		{8700DBDB-181E-4315-BD6C-5D886636E042}.Release|Win32.Build.0 = Release|Win32
		{A086590B-6B19-45D6-99F6-F37A6AAA65E6}.Debug|Win32.ActiveCfg = Debug|Win32
		{A086590B-6B19-45D6-99F6-F37A6AAA65E6}.Debug|Win32.Build.0 = Debug|Win32
		{A086590B-6B19-45D6-99F6-F37A6AAA65E6}.Release|Win32.ActiveCfg = Release|Win32
		{A086590B-6B19-45D6-99F6-F37A6AAA65E6}.Release|Win32.Build.0 = Release|Win32
		{4FE6617D-8A4A-462E-B855-1C8D66BD556A}.Debug|Win32.ActiveCfg = Debug|Win32
		{4FE6617D-8A4A-462E-B855-1C8D66BD556A}.Debug|Win32.Build.0 = Debug|Win32
		{4FE6617D-8A4A-462E-B855-1C8D66BD556A}.Release|Win32.ActiveCfg = Release|Win32
		{4FE6617D-8A4A-462E-B855-1C8D66BD556A}.Release|Win32.Build.0 = Release|Win32
		{B97BFA58-96ED-414F-A193-86ED631FD20E}.Debug|Win32.ActiveCfg = Debug|Win32
		{B97BFA58-96ED-414F-A193-86ED631FD20E}.Debug|Win32.Build.0 = Debug|Win32
		{B97BFA58-96ED-414F-A193-86ED631FD20E}.Release|Win32.ActiveCfg = Release|Win32
		{B97BFA58-96ED-414F-A193-86ED631FD20E}.Release|Win32.Build.0 = Release|Win32
		{E60E40D3-6A09-4C15-A799-2D4537BBB813}.Debug|Win32.ActiveCfg = Debug|Win32
		{E60E40D3-6A09-4C15-A799-2D4537BBB813}.Debug|Win32.Build.0 = Debug|Win32
		{E60E40D3-6A09-4C15-A799-2D4537BBB813}.Release|Win32.ActiveCfg = Release|Win32
		{E60E40D3-6A09-4C15-A799-2D4537BBB813}.Release|Win32.Build.0 = Release|Win32
		{CF6D4428-E743-49A1-823D-8C15EE5B603D}.Debug|Win32.ActiveCfg = Debug|Win32
		{CF6D4428-E743-49A1-823D-8C15EE5B603D}.Debug|Win32.Build.0 = Debug|Win32
		{CF6D4428-E743-49A1-823D-8C15EE5B603D}.Release|Win32.ActiveCfg = Release|Win32
		{CF6D4428-E743-49A1-823D-8C15EE5B603D}.Release|Win32.Build.0 = Release|Win32
		{057D6536-147E-4143-9621-F3E56EF15FD7}.Debug|Win32.ActiveCfg = Debug|Win32
		{057D6536-147E-4143-9621-F3E56EF15FD7}.Debug|Win32.Build.0 = Debug|Win32
		{057D6536-147E-4143-9621-F3E56EF15FD7}.Release|Win32.ActiveCfg = Release|Win32
		{057D6536-147E-4143-9621-F3E56EF15FD7}.Release|Win32.Build.0 = Release|Win32
		{3D39CCB6-1CE9-491C-9F27-E6C20B6DEB1A}.Debug|Win32.ActiveCfg = Debug|Win32
		{3D39CCB6-1CE9-491C-9F27-E6C20B6DEB1A}.Debug|Win32.Build.0 = Debug|Win32
		{3D39CCB6-1CE9-491C-9F27-E6C20B6DEB1A}.Release|Win32.ActiveCfg = Release|Win32
		{3D39CCB6-1CE9-491C-9F27-E6C20B6DEB1A}.Release|Win32.Build.0 = Release|Win32
		{0FAF1A58-7788-4C30-BAE5-B38E2DEA8436}.Debug|Win32.ActiveCfg = Debug|Win32
		{0FAF1A58-7788-4C30-BAE5-B38E2DEA8436}.Debug|Win32.Build.0 = Debug|Win32
		{0FAF1A58-7788-4C30-BAE5-B38E2DEA8436}.Release|Win32.ActiveCfg = Release|Win32
		{0FAF1A58-7788-4C30-BAE5-B38E2DEA8436}.Release|Win32.Build.0 = Release|Win32
		{FC597942-19DF-4D69-8751-C2D33444FC1D}.Debug|Win32.ActiveCfg = Debug|Win32
		{FC597942-19DF-4D69-8751-C2D33444FC1D}.Debug|Win32.Build.0 = Debug|Win32
		{FC597942-19DF-4D69-8751-C2D33444FC1D}.Release|Win32.ActiveCfg = Release|Win32
		{FC597942-19DF-4D69-8751-C2D33444FC1D}.Release|Win32.Build.0 = Release|Win32
	EndGlobalSection
	GlobalSection(SolutionProperties) = preSolution
		HideSolutionNode = FALSE
	EndGlobalSection
EndGlobal
